
Microsoft Visual Studio Solution File, Format Version 12.00
# Visual Studio Version 16
VisualStudioVersion = 16.0.30517.126
MinimumVisualStudioVersion = 10.0.40219.1
Project("{FAE04EC0-301F-11D3-BF4B-00C04F79EFBC}") = "Allwoods Typing Game 2021", "Allwoods Typing Game 2021\Allwoods Typing Game 2021.csproj", "{65C9E66B-4A55-4B13-80DF-5A5646287879}"
EndProject
Global
	GlobalSection(SolutionConfigurationPlatforms) = preSolution
		Debug|Any CPU = Debug|Any CPU
		Release|Any CPU = Release|Any CPU
	EndGlobalSection
	GlobalSection(ProjectConfigurationPlatforms) = postSolution
		{65C9E66B-4A55-4B13-80DF-5A5646287879}.Debug|Any CPU.ActiveCfg = Debug|Any CPU
		{65C9E66B-4A55-4B13-80DF-5A5646287879}.Debug|Any CPU.Build.0 = Debug|Any CPU
		{65C9E66B-4A55-4B13-80DF-5A5646287879}.Release|Any CPU.ActiveCfg = Release|Any CPU
		{65C9E66B-4A55-4B13-80DF-5A5646287879}.Release|Any CPU.Build.0 = Release|Any CPU
	EndGlobalSection
	GlobalSection(SolutionProperties) = preSolution
		HideSolutionNode = FALSE
	EndGlobalSection
	GlobalSection(ExtensibilityGlobals) = postSolution
		SolutionGuid = {1AB3148E-E7BC-4958-8C9A-E9C2C475A655}
	EndGlobalSection
EndGlobal
